
Microsoft Visual Studio Solution File, Format Version 12.00
# Visual Studio Version 16
VisualStudioVersion = 16.0.30611.23
MinimumVisualStudioVersion = 10.0.40219.1
Project("{FAE04EC0-301F-11D3-BF4B-00C04F79EFBC}") = "SalesWebMvc", "SalesWebMvc\SalesWebMvc.csproj", "{8EF61437-5047-4ACA-9397-B7BDE9D85448}"
EndProject
Global
	GlobalSection(SolutionConfigurationPlatforms) = preSolution
		Debug|Any CPU = Debug|Any CPU
		Release|Any CPU = Release|Any CPU
	EndGlobalSection
	GlobalSection(ProjectConfigurationPlatforms) = postSolution
		{8EF61437-5047-4ACA-9397-B7BDE9D85448}.Debug|Any CPU.ActiveCfg = Debug|Any CPU
		{8EF61437-5047-4ACA-9397-B7BDE9D85448}.Debug|Any CPU.Build.0 = Debug|Any CPU
		{8EF61437-5047-4ACA-9397-B7BDE9D85448}.Release|Any CPU.ActiveCfg = Release|Any CPU
		{8EF61437-5047-4ACA-9397-B7BDE9D85448}.Release|Any CPU.Build.0 = Release|Any CPU
	EndGlobalSection
	GlobalSection(SolutionProperties) = preSolution
		HideSolutionNode = FALSE
	EndGlobalSection
	GlobalSection(ExtensibilityGlobals) = postSolution
		SolutionGuid = {687C0851-D081-4324-9CD7-020EAFB2063C}
	EndGlobalSection
EndGlobal
